
Microsoft Visual Studio Solution File, Format Version 12.00
# Visual Studio Version 17
VisualStudioVersion = 17.9.34616.47
MinimumVisualStudioVersion = 10.0.40219.1
Project("{FAE04EC0-301F-11D3-BF4B-00C04F79EFBC}") = "Task1", "Task1\Task1.csproj", "{3F1322EB-CF5C-42AA-9CD8-DA4CA518A4C5}"
EndProject
Project("{FAE04EC0-301F-11D3-BF4B-00C04F79EFBC}") = "Task2", "Task2\Task2.csproj", "{3D485AC5-CFF1-4CA6-BC19-81EFFAF19266}"
EndProject
Project("{FAE04EC0-301F-11D3-BF4B-00C04F79EFBC}") = "TextForm", "TextForm\TextForm.csproj", "{AE86D5D3-9154-427F-85CB-55BEF8DFA7D6}"
EndProject
Global
	GlobalSection(SolutionConfigurationPlatforms) = preSolution
		Debug|Any CPU = Debug|Any CPU
		Release|Any CPU = Release|Any CPU
	EndGlobalSection
	GlobalSection(ProjectConfigurationPlatforms) = postSolution
		{3F1322EB-CF5C-42AA-9CD8-DA4CA518A4C5}.Debug|Any CPU.ActiveCfg = Debug|Any CPU
		{3F1322EB-CF5C-42AA-9CD8-DA4CA518A4C5}.Debug|Any CPU.Build.0 = Debug|Any CPU
		{3F1322EB-CF5C-42AA-9CD8-DA4CA518A4C5}.Release|Any CPU.ActiveCfg = Release|Any CPU
		{3F1322EB-CF5C-42AA-9CD8-DA4CA518A4C5}.Release|Any CPU.Build.0 = Release|Any CPU
		{3D485AC5-CFF1-4CA6-BC19-81EFFAF19266}.Debug|Any CPU.ActiveCfg = Debug|Any CPU
		{3D485AC5-CFF1-4CA6-BC19-81EFFAF19266}.Debug|Any CPU.Build.0 = Debug|Any CPU
		{3D485AC5-CFF1-4CA6-BC19-81EFFAF19266}.Release|Any CPU.ActiveCfg = Release|Any CPU
		{3D485AC5-CFF1-4CA6-BC19-81EFFAF19266}.Release|Any CPU.Build.0 = Release|Any CPU
		{AE86D5D3-9154-427F-85CB-55BEF8DFA7D6}.Debug|Any CPU.ActiveCfg = Debug|Any CPU
		{AE86D5D3-9154-427F-85CB-55BEF8DFA7D6}.Debug|Any CPU.Build.0 = Debug|Any CPU
		{AE86D5D3-9154-427F-85CB-55BEF8DFA7D6}.Release|Any CPU.ActiveCfg = Release|Any CPU
		{AE86D5D3-9154-427F-85CB-55BEF8DFA7D6}.Release|Any CPU.Build.0 = Release|Any CPU
	EndGlobalSection
	GlobalSection(SolutionProperties) = preSolution
		HideSolutionNode = FALSE
	EndGlobalSection
	GlobalSection(ExtensibilityGlobals) = postSolution
		SolutionGuid = {9DD9020D-47F7-425F-BF65-3F8DE2325A7A}
	EndGlobalSection
EndGlobal
