
Microsoft Visual Studio Solution File, Format Version 12.00
# Visual Studio Version 17
VisualStudioVersion = 17.9.34616.47
MinimumVisualStudioVersion = 10.0.40219.1
Project("{FAE04EC0-301F-11D3-BF4B-00C04F79EFBC}") = "Task1", "Task1\Task1.csproj", "{074F61C0-ADF1-4CAE-AE64-A563DB2AD40D}"
EndProject
Global
	GlobalSection(SolutionConfigurationPlatforms) = preSolution
		Debug|Any CPU = Debug|Any CPU
		Release|Any CPU = Release|Any CPU
	EndGlobalSection
	GlobalSection(ProjectConfigurationPlatforms) = postSolution
		{074F61C0-ADF1-4CAE-AE64-A563DB2AD40D}.Debug|Any CPU.ActiveCfg = Debug|Any CPU
		{074F61C0-ADF1-4CAE-AE64-A563DB2AD40D}.Debug|Any CPU.Build.0 = Debug|Any CPU
		{074F61C0-ADF1-4CAE-AE64-A563DB2AD40D}.Release|Any CPU.ActiveCfg = Release|Any CPU
		{074F61C0-ADF1-4CAE-AE64-A563DB2AD40D}.Release|Any CPU.Build.0 = Release|Any CPU
	EndGlobalSection
	GlobalSection(SolutionProperties) = preSolution
		HideSolutionNode = FALSE
	EndGlobalSection
	GlobalSection(ExtensibilityGlobals) = postSolution
		SolutionGuid = {DEB1C3AB-052A-400A-A7DB-AE2D04494FB3}
	EndGlobalSection
EndGlobal
