
Microsoft Visual Studio Solution File, Format Version 12.00
# Visual Studio Version 17
VisualStudioVersion = 17.8.34309.116
MinimumVisualStudioVersion = 10.0.40219.1
Project("{FAE04EC0-301F-11D3-BF4B-00C04F79EFBC}") = "Task1", "Task1\Task1.csproj", "{C113FC31-6E65-4452-BD52-106CDF84168A}"
EndProject
Global
	GlobalSection(SolutionConfigurationPlatforms) = preSolution
		Debug|Any CPU = Debug|Any CPU
		Release|Any CPU = Release|Any CPU
	EndGlobalSection
	GlobalSection(ProjectConfigurationPlatforms) = postSolution
		{C113FC31-6E65-4452-BD52-106CDF84168A}.Debug|Any CPU.ActiveCfg = Debug|Any CPU
		{C113FC31-6E65-4452-BD52-106CDF84168A}.Debug|Any CPU.Build.0 = Debug|Any CPU
		{C113FC31-6E65-4452-BD52-106CDF84168A}.Release|Any CPU.ActiveCfg = Release|Any CPU
		{C113FC31-6E65-4452-BD52-106CDF84168A}.Release|Any CPU.Build.0 = Release|Any CPU
	EndGlobalSection
	GlobalSection(SolutionProperties) = preSolution
		HideSolutionNode = FALSE
	EndGlobalSection
	GlobalSection(ExtensibilityGlobals) = postSolution
		SolutionGuid = {64C0BB69-C836-4C4E-81A2-7741C137A77D}
	EndGlobalSection
EndGlobal
