
Microsoft Visual Studio Solution File, Format Version 12.00
# Visual Studio Version 17
VisualStudioVersion = 17.9.34728.123
MinimumVisualStudioVersion = 10.0.40219.1
Project("{FAE04EC0-301F-11D3-BF4B-00C04F79EFBC}") = "Task1", "Task1\Task1.csproj", "{100925BC-4789-4F26-9B55-BB734F7202E8}"
EndProject
Global
	GlobalSection(SolutionConfigurationPlatforms) = preSolution
		Debug|Any CPU = Debug|Any CPU
		Release|Any CPU = Release|Any CPU
	EndGlobalSection
	GlobalSection(ProjectConfigurationPlatforms) = postSolution
		{100925BC-4789-4F26-9B55-BB734F7202E8}.Debug|Any CPU.ActiveCfg = Debug|Any CPU
		{100925BC-4789-4F26-9B55-BB734F7202E8}.Debug|Any CPU.Build.0 = Debug|Any CPU
		{100925BC-4789-4F26-9B55-BB734F7202E8}.Release|Any CPU.ActiveCfg = Release|Any CPU
		{100925BC-4789-4F26-9B55-BB734F7202E8}.Release|Any CPU.Build.0 = Release|Any CPU
	EndGlobalSection
	GlobalSection(SolutionProperties) = preSolution
		HideSolutionNode = FALSE
	EndGlobalSection
	GlobalSection(ExtensibilityGlobals) = postSolution
		SolutionGuid = {63413940-C6D2-47AB-8FA9-7B102F478ADD}
	EndGlobalSection
EndGlobal
