
Microsoft Visual Studio Solution File, Format Version 12.00
# Visual Studio Version 17
VisualStudioVersion = 17.9.34728.123
MinimumVisualStudioVersion = 10.0.40219.1
Project("{FAE04EC0-301F-11D3-BF4B-00C04F79EFBC}") = "Task1", "Task1\Task1.csproj", "{B1C58B0A-40D7-4ED1-B625-EBA0E7DA3865}"
EndProject
Project("{FAE04EC0-301F-11D3-BF4B-00C04F79EFBC}") = "Task2", "Task2\Task2.csproj", "{F2EA5F43-1F1B-4658-90FE-658AC553908C}"
EndProject
Global
	GlobalSection(SolutionConfigurationPlatforms) = preSolution
		Debug|Any CPU = Debug|Any CPU
		Release|Any CPU = Release|Any CPU
	EndGlobalSection
	GlobalSection(ProjectConfigurationPlatforms) = postSolution
		{B1C58B0A-40D7-4ED1-B625-EBA0E7DA3865}.Debug|Any CPU.ActiveCfg = Debug|Any CPU
		{B1C58B0A-40D7-4ED1-B625-EBA0E7DA3865}.Debug|Any CPU.Build.0 = Debug|Any CPU
		{B1C58B0A-40D7-4ED1-B625-EBA0E7DA3865}.Release|Any CPU.ActiveCfg = Release|Any CPU
		{B1C58B0A-40D7-4ED1-B625-EBA0E7DA3865}.Release|Any CPU.Build.0 = Release|Any CPU
		{F2EA5F43-1F1B-4658-90FE-658AC553908C}.Debug|Any CPU.ActiveCfg = Debug|Any CPU
		{F2EA5F43-1F1B-4658-90FE-658AC553908C}.Debug|Any CPU.Build.0 = Debug|Any CPU
		{F2EA5F43-1F1B-4658-90FE-658AC553908C}.Release|Any CPU.ActiveCfg = Release|Any CPU
		{F2EA5F43-1F1B-4658-90FE-658AC553908C}.Release|Any CPU.Build.0 = Release|Any CPU
	EndGlobalSection
	GlobalSection(SolutionProperties) = preSolution
		HideSolutionNode = FALSE
	EndGlobalSection
	GlobalSection(ExtensibilityGlobals) = postSolution
		SolutionGuid = {AF8BA307-EFF5-4647-98E7-217D839F731F}
	EndGlobalSection
EndGlobal
